PODS:
  - Colours (5.13.0):
    - Colours/ObjC (= 5.13.0)
  - Colours/ObjC (5.13.0)
  - MBCircularProgressBar (0.3.4)
  - NZCircularImageView (0.0.5):
    - UIActivityIndicator-for-SDWebImage (~> 1.2)
  - OpinionzAlertView (0.3.1)
  - SDWebImage (3.8.1):
    - SDWebImage/Core (= 3.8.1)
  - SDWebImage/Core (3.8.1)
  - UIActivityIndicator-for-SDWebImage (1.2):
    - SDWebImage (~> 3.7)
  - YLProgressBar (3.10.0)

DEPENDENCIES:
  - Colours
  - MBCircularProgressBar
  - NZCircularImageView
  - OpinionzAlertView
  - YLProgressBar (~> 3.10.0)

SPEC CHECKSUMS:
  Colours: f24220c38f13deac88612667e9b4a7fb96b871d4
  MBCircularProgressBar: ff3b8e2f441214d9ee122a24ba0d4d00cc7de881
  NZCircularImageView: cc64eae9a0dd42800b4902dc483b0b37591c3a3d
  OpinionzAlertView: 213cf7fa544091962ebd9526ff2e7e120b13c149
  SDWebImage: 35f9627a3e44b4f292a8a8ce6a531fa488239b91
  UIActivityIndicator-for-SDWebImage: 7bf7ebbf0ed1747dedc0d6e949c4603a6d0f9e0c
  YLProgressBar: 40a0627522dc1b536e02bf082a1b1ce3085b4668

PODFILE CHECKSUM: 0dd6f0c50debc1c00658210f0b43123d375544ba

COCOAPODS: 1.0.1
