PODS:
  - Charts (3.0.1):
    - Charts/Core (= 3.0.1)
  - Charts/Core (3.0.1)
  - Colours (5.13.0):
    - Colours/ObjC (= 5.13.0)
  - Colours/ObjC (5.13.0)
  - JKSteppedProgressBar (0.2.1)
  - MBCircularProgressBar (0.3.5)
  - NZCircularImageView (0.0.5):
    - UIActivityIndicator-for-SDWebImage (~> 1.2)
  - OpinionzAlertView (0.3.1)
  - SDWebImage (3.8.2):
    - SDWebImage/Core (= 3.8.2)
  - SDWebImage/Core (3.8.2)
  - UIActivityIndicator-for-SDWebImage (1.2):
    - SDWebImage (~> 3.7)
  - YLProgressBar (3.10.0)

DEPENDENCIES:
  - Charts
  - Colours
  - JKSteppedProgressBar
  - MBCircularProgressBar
  - NZCircularImageView
  - OpinionzAlertView
  - YLProgressBar (~> 3.10.0)

SPEC CHECKSUMS:
  Charts: 0e84f4418e87dad6a9edde221fba37ebb51d3ba7
  Colours: f24220c38f13deac88612667e9b4a7fb96b871d4
  JKSteppedProgressBar: 17ac37cfd9c7d4054dac3180de19eceba6781f99
  MBCircularProgressBar: 0b795b722a5eb5b0923822f90474e2576a1a7855
  NZCircularImageView: cc64eae9a0dd42800b4902dc483b0b37591c3a3d
  OpinionzAlertView: 213cf7fa544091962ebd9526ff2e7e120b13c149
  SDWebImage: 098e97e6176540799c27e804c96653ee0833d13c
  UIActivityIndicator-for-SDWebImage: 7bf7ebbf0ed1747dedc0d6e949c4603a6d0f9e0c
  YLProgressBar: 40a0627522dc1b536e02bf082a1b1ce3085b4668

PODFILE CHECKSUM: d9feab46bb4e51a14e45ae2a5b4d30f989926684

COCOAPODS: 1.1.1
