// !$*UTF8*$!
{
	archiveVersion = 1;
	classes = {
	};
	objectVersion = 46;
	objects = {

/* Begin PBXBuildFile section */
		7A2471401E1942BA00C99780 /* main.m in Sources */ = {isa = PBXBuildFile; fileRef = 7A24713F1E1942BA00C99780 /* main.m */; };
		7A2471431E1942BA00C99780 /* AppDelegate.m in Sources */ = {isa = PBXBuildFile; fileRef = 7A2471421E1942BA00C99780 /* AppDelegate.m */; };
		7A2471461E1942BA00C99780 /* CreateGoalViewController.m in Sources */ = {isa = PBXBuildFile; fileRef = 7A2471451E1942BA00C99780 /* CreateGoalViewController.m */; };
		7A2471491E1942BA00C99780 /* Main.storyboard in Resources */ = {isa = PBXBuildFile; fileRef = 7A2471471E1942BA00C99780 /* Main.storyboard */; };
		7A24714B1E1942BA00C99780 /* Assets.xcassets in Resources */ = {isa = PBXBuildFile; fileRef = 7A24714A1E1942BA00C99780 /* Assets.xcassets */; };
		7A24714E1E1942BA00C99780 /* LaunchScreen.storyboard in Resources */ = {isa = PBXBuildFile; fileRef = 7A24714C1E1942BA00C99780 /* LaunchScreen.storyboard */; };
		7A2471651E1943C300C99780 /* SavingsModel.m in Sources */ = {isa = PBXBuildFile; fileRef = 7A2471641E1943C300C99780 /* SavingsModel.m */; };
		7A2471681E19440E00C99780 /* Goal.m in Sources */ = {isa = PBXBuildFile; fileRef = 7A2471671E19440E00C99780 /* Goal.m */; };
		7A24716B1E19449800C99780 /* GoalContribution.m in Sources */ = {isa = PBXBuildFile; fileRef = 7A24716A1E19449800C99780 /* GoalContribution.m */; };
		7A24716D1E194D4F00C99780 /* GoalTest.m in Sources */ = {isa = PBXBuildFile; fileRef = 7A24716C1E194D4F00C99780 /* GoalTest.m */; };
		7A24716F1E19532800C99780 /* SavingsModelTest.m in Sources */ = {isa = PBXBuildFile; fileRef = 7A24716E1E19532800C99780 /* SavingsModelTest.m */; };
		7A577BC31E19DEF70091C28F /* Helpers.m in Sources */ = {isa = PBXBuildFile; fileRef = 7A577BC21E19DEF70091C28F /* Helpers.m */; };
		7A577BC71E1A74770091C28F /* MKiCloudSync.m in Sources */ = {isa = PBXBuildFile; fileRef = 7A577BC61E1A74770091C28F /* MKiCloudSync.m */; };
/* End PBXBuildFile section */

/* Begin PBXContainerItemProxy section */
		7A2471551E1942BA00C99780 /* PBXContainerItemProxy */ = {
			isa = PBXContainerItemProxy;
			containerPortal = 7A2471331E1942BA00C99780 /* Project object */;
			proxyType = 1;
			remoteGlobalIDString = 7A24713A1E1942BA00C99780;
			remoteInfo = SimpleSaver;
		};
/* End PBXContainerItemProxy section */

/* Begin PBXFileReference section */
		7A24713B1E1942BA00C99780 /* SimpleSaver.app */ = {isa = PBXFileReference; explicitFileType = wrapper.application; includeInIndex = 0; path = SimpleSaver.app; sourceTree = BUILT_PRODUCTS_DIR; };
		7A24713F1E1942BA00C99780 /* main.m */ = {isa = PBXFileReference; lastKnownFileType = sourcecode.c.objc; path = main.m; sourceTree = "<group>"; };
		7A2471411E1942BA00C99780 /* AppDelegate.h */ = {isa = PBXFileReference; lastKnownFileType = sourcecode.c.h; path = AppDelegate.h; sourceTree = "<group>"; };
		7A2471421E1942BA00C99780 /* AppDelegate.m */ = {isa = PBXFileReference; lastKnownFileType = sourcecode.c.objc; path = AppDelegate.m; sourceTree = "<group>"; };
		7A2471441E1942BA00C99780 /* CreateGoalViewController.h */ = {isa = PBXFileReference; lastKnownFileType = sourcecode.c.h; path = CreateGoalViewController.h; sourceTree = "<group>"; };
		7A2471451E1942BA00C99780 /* CreateGoalViewController.m */ = {isa = PBXFileReference; lastKnownFileType = sourcecode.c.objc; path = CreateGoalViewController.m; sourceTree = "<group>"; };
		7A2471481E1942BA00C99780 /* Base */ = {isa = PBXFileReference; lastKnownFileType = file.storyboard; name = Base; path = Base.lproj/Main.storyboard; sourceTree = "<group>"; };
		7A24714A1E1942BA00C99780 /* Assets.xcassets */ = {isa = PBXFileReference; lastKnownFileType = folder.assetcatalog; path = Assets.xcassets; sourceTree = "<group>"; };
		7A24714D1E1942BA00C99780 /* Base */ = {isa = PBXFileReference; lastKnownFileType = file.storyboard; name = Base; path = Base.lproj/LaunchScreen.storyboard; sourceTree = "<group>"; };
		7A24714F1E1942BA00C99780 /* Info.plist */ = {isa = PBXFileReference; lastKnownFileType = text.plist.xml; path = Info.plist; sourceTree = "<group>"; };
		7A2471541E1942BA00C99780 /* SimpleSaverTests.xctest */ = {isa = PBXFileReference; explicitFileType = wrapper.cfbundle; includeInIndex = 0; path = SimpleSaverTests.xctest; sourceTree = BUILT_PRODUCTS_DIR; };
		7A24715A1E1942BA00C99780 /* Info.plist */ = {isa = PBXFileReference; lastKnownFileType = text.plist.xml; path = Info.plist; sourceTree = "<group>"; };
		7A2471631E1943C300C99780 /* SavingsModel.h */ = {isa = PBXFileReference; fileEncoding = 4; lastKnownFileType = sourcecode.c.h; path = SavingsModel.h; sourceTree = "<group>"; };
		7A2471641E1943C300C99780 /* SavingsModel.m */ = {isa = PBXFileReference; fileEncoding = 4; lastKnownFileType = sourcecode.c.objc; path = SavingsModel.m; sourceTree = "<group>"; };
		7A2471661E19440E00C99780 /* Goal.h */ = {isa = PBXFileReference; fileEncoding = 4; lastKnownFileType = sourcecode.c.h; path = Goal.h; sourceTree = "<group>"; };
		7A2471671E19440E00C99780 /* Goal.m */ = {isa = PBXFileReference; fileEncoding = 4; lastKnownFileType = sourcecode.c.objc; path = Goal.m; sourceTree = "<group>"; };
		7A2471691E19449800C99780 /* GoalContribution.h */ = {isa = PBXFileReference; fileEncoding = 4; lastKnownFileType = sourcecode.c.h; path = GoalContribution.h; sourceTree = "<group>"; };
		7A24716A1E19449800C99780 /* GoalContribution.m */ = {isa = PBXFileReference; fileEncoding = 4; lastKnownFileType = sourcecode.c.objc; path = GoalContribution.m; sourceTree = "<group>"; };
		7A24716C1E194D4F00C99780 /* GoalTest.m */ = {isa = PBXFileReference; fileEncoding = 4; lastKnownFileType = sourcecode.c.objc; path = GoalTest.m; sourceTree = "<group>"; };
		7A24716E1E19532800C99780 /* SavingsModelTest.m */ = {isa = PBXFileReference; fileEncoding = 4; lastKnownFileType = sourcecode.c.objc; path = SavingsModelTest.m; sourceTree = "<group>"; };
		7A577BC11E19DEF70091C28F /* Helpers.h */ = {isa = PBXFileReference; fileEncoding = 4; lastKnownFileType = sourcecode.c.h; path = Helpers.h; sourceTree = "<group>"; };
		7A577BC21E19DEF70091C28F /* Helpers.m */ = {isa = PBXFileReference; fileEncoding = 4; lastKnownFileType = sourcecode.c.objc; path = Helpers.m; sourceTree = "<group>"; };
		7A577BC41E1A72A70091C28F /* SimpleSaver.entitlements */ = {isa = PBXFileReference; lastKnownFileType = text.plist.entitlements; path = SimpleSaver.entitlements; sourceTree = "<group>"; };
		7A577BC51E1A74770091C28F /* MKiCloudSync.h */ = {isa = PBXFileReference; fileEncoding = 4; lastKnownFileType = sourcecode.c.h; path = MKiCloudSync.h; sourceTree = "<group>"; };
		7A577BC61E1A74770091C28F /* MKiCloudSync.m */ = {isa = PBXFileReference; fileEncoding = 4; lastKnownFileType = sourcecode.c.objc; path = MKiCloudSync.m; sourceTree = "<group>"; };
/* End PBXFileReference section */

/* Begin PBXFrameworksBuildPhase section */
		7A2471381E1942BA00C99780 /* Frameworks */ = {
			isa = PBXFrameworksBuildPhase;
			buildActionMask = 2147483647;
			files = (
			);
			runOnlyForDeploymentPostprocessing = 0;
		};
		7A2471511E1942BA00C99780 /* Frameworks */ = {
			isa = PBXFrameworksBuildPhase;
			buildActionMask = 2147483647;
			files = (
			);
			runOnlyForDeploymentPostprocessing = 0;
		};
/* End PBXFrameworksBuildPhase section */

/* Begin PBXGroup section */
		7A2471321E1942BA00C99780 = {
			isa = PBXGroup;
			children = (
				7A24713D1E1942BA00C99780 /* SimpleSaver */,
				7A2471571E1942BA00C99780 /* SimpleSaverTests */,
				7A24713C1E1942BA00C99780 /* Products */,
			);
			sourceTree = "<group>";
		};
		7A24713C1E1942BA00C99780 /* Products */ = {
			isa = PBXGroup;
			children = (
				7A24713B1E1942BA00C99780 /* SimpleSaver.app */,
				7A2471541E1942BA00C99780 /* SimpleSaverTests.xctest */,
			);
			name = Products;
			sourceTree = "<group>";
		};
		7A24713D1E1942BA00C99780 /* SimpleSaver */ = {
			isa = PBXGroup;
			children = (
				7A577BC91E1A79CB0091C28F /* View Controller */,
				7A577BC41E1A72A70091C28F /* SimpleSaver.entitlements */,
				7A577BC81E1A79B10091C28F /* Model */,
				7A2471411E1942BA00C99780 /* AppDelegate.h */,
				7A2471421E1942BA00C99780 /* AppDelegate.m */,
				7A2471471E1942BA00C99780 /* Main.storyboard */,
				7A24714A1E1942BA00C99780 /* Assets.xcassets */,
				7A24714C1E1942BA00C99780 /* LaunchScreen.storyboard */,
				7A24714F1E1942BA00C99780 /* Info.plist */,
				7A24713E1E1942BA00C99780 /* Supporting Files */,
			);
			path = SimpleSaver;
			sourceTree = "<group>";
		};
		7A24713E1E1942BA00C99780 /* Supporting Files */ = {
			isa = PBXGroup;
			children = (
				7A577BC51E1A74770091C28F /* MKiCloudSync.h */,
				7A577BC61E1A74770091C28F /* MKiCloudSync.m */,
				7A577BC11E19DEF70091C28F /* Helpers.h */,
				7A577BC21E19DEF70091C28F /* Helpers.m */,
				7A24713F1E1942BA00C99780 /* main.m */,
			);
			name = "Supporting Files";
			sourceTree = "<group>";
		};
		7A2471571E1942BA00C99780 /* SimpleSaverTests */ = {
			isa = PBXGroup;
			children = (
				7A24715A1E1942BA00C99780 /* Info.plist */,
				7A24716C1E194D4F00C99780 /* GoalTest.m */,
				7A24716E1E19532800C99780 /* SavingsModelTest.m */,
			);
			path = SimpleSaverTests;
			sourceTree = "<group>";
		};
		7A577BC81E1A79B10091C28F /* Model */ = {
			isa = PBXGroup;
			children = (
				7A2471631E1943C300C99780 /* SavingsModel.h */,
				7A2471641E1943C300C99780 /* SavingsModel.m */,
				7A2471661E19440E00C99780 /* Goal.h */,
				7A2471671E19440E00C99780 /* Goal.m */,
				7A2471691E19449800C99780 /* GoalContribution.h */,
				7A24716A1E19449800C99780 /* GoalContribution.m */,
			);
			name = Model;
			sourceTree = "<group>";
		};
		7A577BC91E1A79CB0091C28F /* View Controller */ = {
			isa = PBXGroup;
			children = (
				7A2471441E1942BA00C99780 /* CreateGoalViewController.h */,
				7A2471451E1942BA00C99780 /* CreateGoalViewController.m */,
			);
			name = "View Controller";
			sourceTree = "<group>";
		};
/* End PBXGroup section */

/* Begin PBXNativeTarget section */
		7A24713A1E1942BA00C99780 /* SimpleSaver */ = {
			isa = PBXNativeTarget;
			buildConfigurationList = 7A24715D1E1942BA00C99780 /* Build configuration list for PBXNativeTarget "SimpleSaver" */;
			buildPhases = (
				7A2471371E1942BA00C99780 /* Sources */,
				7A2471381E1942BA00C99780 /* Frameworks */,
				7A2471391E1942BA00C99780 /* Resources */,
			);
			buildRules = (
			);
			dependencies = (
			);
			name = SimpleSaver;
			productName = SimpleSaver;
			productReference = 7A24713B1E1942BA00C99780 /* SimpleSaver.app */;
			productType = "com.apple.product-type.application";
		};
		7A2471531E1942BA00C99780 /* SimpleSaverTests */ = {
			isa = PBXNativeTarget;
			buildConfigurationList = 7A2471601E1942BA00C99780 /* Build configuration list for PBXNativeTarget "SimpleSaverTests" */;
			buildPhases = (
				7A2471501E1942BA00C99780 /* Sources */,
				7A2471511E1942BA00C99780 /* Frameworks */,
				7A2471521E1942BA00C99780 /* Resources */,
			);
			buildRules = (
			);
			dependencies = (
				7A2471561E1942BA00C99780 /* PBXTargetDependency */,
			);
			name = SimpleSaverTests;
			productName = SimpleSaverTests;
			productReference = 7A2471541E1942BA00C99780 /* SimpleSaverTests.xctest */;
			productType = "com.apple.product-type.bundle.unit-test";
		};
/* End PBXNativeTarget section */

/* Begin PBXProject section */
		7A2471331E1942BA00C99780 /* Project object */ = {
			isa = PBXProject;
			attributes = {
				LastUpgradeCheck = 0820;
				ORGANIZATIONNAME = "Jake Hoskins";
				TargetAttributes = {
					7A24713A1E1942BA00C99780 = {
						CreatedOnToolsVersion = 8.2;
						DevelopmentTeam = 2L29NL2BW9;
						ProvisioningStyle = Automatic;
						SystemCapabilities = {
							com.apple.iCloud = {
								enabled = 1;
							};
						};
					};
					7A2471531E1942BA00C99780 = {
						CreatedOnToolsVersion = 8.2;
						DevelopmentTeam = 2L29NL2BW9;
						ProvisioningStyle = Automatic;
						TestTargetID = 7A24713A1E1942BA00C99780;
					};
				};
			};
			buildConfigurationList = 7A2471361E1942BA00C99780 /* Build configuration list for PBXProject "SimpleSaver" */;
			compatibilityVersion = "Xcode 3.2";
			developmentRegion = English;
			hasScannedForEncodings = 0;
			knownRegions = (
				en,
				Base,
			);
			mainGroup = 7A2471321E1942BA00C99780;
			productRefGroup = 7A24713C1E1942BA00C99780 /* Products */;
			projectDirPath = "";
			projectRoot = "";
			targets = (
				7A24713A1E1942BA00C99780 /* SimpleSaver */,
				7A2471531E1942BA00C99780 /* SimpleSaverTests */,
			);
		};
/* End PBXProject section */

/* Begin PBXResourcesBuildPhase section */
		7A2471391E1942BA00C99780 /* Resources */ = {
			isa = PBXResourcesBuildPhase;
			buildActionMask = 2147483647;
			files = (
				7A24714E1E1942BA00C99780 /* LaunchScreen.storyboard in Resources */,
				7A24714B1E1942BA00C99780 /* Assets.xcassets in Resources */,
				7A2471491E1942BA00C99780 /* Main.storyboard in Resources */,
			);
			runOnlyForDeploymentPostprocessing = 0;
		};
		7A2471521E1942BA00C99780 /* Resources */ = {
			isa = PBXResourcesBuildPhase;
			buildActionMask = 2147483647;
			files = (
			);
			runOnlyForDeploymentPostprocessing = 0;
		};
/* End PBXResourcesBuildPhase section */

/* Begin PBXSourcesBuildPhase section */
		7A2471371E1942BA00C99780 /* Sources */ = {
			isa = PBXSourcesBuildPhase;
			buildActionMask = 2147483647;
			files = (
				7A2471681E19440E00C99780 /* Goal.m in Sources */,
				7A2471461E1942BA00C99780 /* CreateGoalViewController.m in Sources */,
				7A2471651E1943C300C99780 /* SavingsModel.m in Sources */,
				7A2471431E1942BA00C99780 /* AppDelegate.m in Sources */,
				7A577BC31E19DEF70091C28F /* Helpers.m in Sources */,
				7A24716B1E19449800C99780 /* GoalContribution.m in Sources */,
				7A577BC71E1A74770091C28F /* MKiCloudSync.m in Sources */,
				7A2471401E1942BA00C99780 /* main.m in Sources */,
			);
			runOnlyForDeploymentPostprocessing = 0;
		};
		7A2471501E1942BA00C99780 /* Sources */ = {
			isa = PBXSourcesBuildPhase;
			buildActionMask = 2147483647;
			files = (
				7A24716D1E194D4F00C99780 /* GoalTest.m in Sources */,
				7A24716F1E19532800C99780 /* SavingsModelTest.m in Sources */,
			);
			runOnlyForDeploymentPostprocessing = 0;
		};
/* End PBXSourcesBuildPhase section */

/* Begin PBXTargetDependency section */
		7A2471561E1942BA00C99780 /* PBXTargetDependency */ = {
			isa = PBXTargetDependency;
			target = 7A24713A1E1942BA00C99780 /* SimpleSaver */;
			targetProxy = 7A2471551E1942BA00C99780 /* PBXContainerItemProxy */;
		};
/* End PBXTargetDependency section */

/* Begin PBXVariantGroup section */
		7A2471471E1942BA00C99780 /* Main.storyboard */ = {
			isa = PBXVariantGroup;
			children = (
				7A2471481E1942BA00C99780 /* Base */,
			);
			name = Main.storyboard;
			sourceTree = "<group>";
		};
		7A24714C1E1942BA00C99780 /* LaunchScreen.storyboard */ = {
			isa = PBXVariantGroup;
			children = (
				7A24714D1E1942BA00C99780 /* Base */,
			);
			name = LaunchScreen.storyboard;
			sourceTree = "<group>";
		};
/* End PBXVariantGroup section */

/* Begin XCBuildConfiguration section */
		7A24715B1E1942BA00C99780 /* Debug */ = {
			isa = XCBuildConfiguration;
			buildSettings = {
				ALWAYS_SEARCH_USER_PATHS = NO;
				CLANG_ANALYZER_NONNULL = YES;
				CLANG_CXX_LANGUAGE_STANDARD = "gnu++0x";
				CLANG_CXX_LIBRARY = "libc++";
				CLANG_ENABLE_MODULES = YES;
				CLANG_ENABLE_OBJC_ARC = YES;
				CLANG_WARN_BOOL_CONVERSION = YES;
				CLANG_WARN_CONSTANT_CONVERSION = YES;
				CLANG_WARN_DIRECT_OBJC_ISA_USAGE = YES_ERROR;
				CLANG_WARN_DOCUMENTATION_COMMENTS = YES;
				CLANG_WARN_EMPTY_BODY = YES;
				CLANG_WARN_ENUM_CONVERSION = YES;
				CLANG_WARN_INFINITE_RECURSION = YES;
				CLANG_WARN_INT_CONVERSION = YES;
				CLANG_WARN_OBJC_ROOT_CLASS = YES_ERROR;
				CLANG_WARN_SUSPICIOUS_MOVE = YES;
				CLANG_WARN_UNREACHABLE_CODE = YES;
				CLANG_WARN__DUPLICATE_METHOD_MATCH = YES;
				"CODE_SIGN_IDENTITY[sdk=iphoneos*]" = "iPhone Developer";
				COPY_PHASE_STRIP = NO;
				DEBUG_INFORMATION_FORMAT = dwarf;
				ENABLE_STRICT_OBJC_MSGSEND = YES;
				ENABLE_TESTABILITY = YES;
				GCC_C_LANGUAGE_STANDARD = gnu99;
				GCC_DYNAMIC_NO_PIC = NO;
				GCC_NO_COMMON_BLOCKS = YES;
				GCC_OPTIMIZATION_LEVEL = 0;
				GCC_PREPROCESSOR_DEFINITIONS = (
					"DEBUG=1",
					"$(inherited)",
				);
				GCC_WARN_64_TO_32_BIT_CONVERSION = YES;
				GCC_WARN_ABOUT_RETURN_TYPE = YES_ERROR;
				GCC_WARN_UNDECLARED_SELECTOR = YES;
				GCC_WARN_UNINITIALIZED_AUTOS = YES_AGGRESSIVE;
				GCC_WARN_UNUSED_FUNCTION = YES;
				GCC_WARN_UNUSED_VARIABLE = YES;
				IPHONEOS_DEPLOYMENT_TARGET = 10.2;
				MTL_ENABLE_DEBUG_INFO = YES;
				ONLY_ACTIVE_ARCH = YES;
				SDKROOT = iphoneos;
				TARGETED_DEVICE_FAMILY = "1,2";
			};
			name = Debug;
		};
		7A24715C1E1942BA00C99780 /* Release */ = {
			isa = XCBuildConfiguration;
			buildSettings = {
				ALWAYS_SEARCH_USER_PATHS = NO;
				CLANG_ANALYZER_NONNULL = YES;
				CLANG_CXX_LANGUAGE_STANDARD = "gnu++0x";
				CLANG_CXX_LIBRARY = "libc++";
				CLANG_ENABLE_MODULES = YES;
				CLANG_ENABLE_OBJC_ARC = YES;
				CLANG_WARN_BOOL_CONVERSION = YES;
				CLANG_WARN_CONSTANT_CONVERSION = YES;
				CLANG_WARN_DIRECT_OBJC_ISA_USAGE = YES_ERROR;
				CLANG_WARN_DOCUMENTATION_COMMENTS = YES;
				CLANG_WARN_EMPTY_BODY = YES;
				CLANG_WARN_ENUM_CONVERSION = YES;
				CLANG_WARN_INFINITE_RECURSION = YES;
				CLANG_WARN_INT_CONVERSION = YES;
				CLANG_WARN_OBJC_ROOT_CLASS = YES_ERROR;
				CLANG_WARN_SUSPICIOUS_MOVE = YES;
				CLANG_WARN_UNREACHABLE_CODE = YES;
				CLANG_WARN__DUPLICATE_METHOD_MATCH = YES;
				"CODE_SIGN_IDENTITY[sdk=iphoneos*]" = "iPhone Developer";
				COPY_PHASE_STRIP = NO;
				DEBUG_INFORMATION_FORMAT = "dwarf-with-dsym";
				ENABLE_NS_ASSERTIONS = NO;
				ENABLE_STRICT_OBJC_MSGSEND = YES;
				GCC_C_LANGUAGE_STANDARD = gnu99;
				GCC_NO_COMMON_BLOCKS = YES;
				GCC_WARN_64_TO_32_BIT_CONVERSION = YES;
				GCC_WARN_ABOUT_RETURN_TYPE = YES_ERROR;
				GCC_WARN_UNDECLARED_SELECTOR = YES;
				GCC_WARN_UNINITIALIZED_AUTOS = YES_AGGRESSIVE;
				GCC_WARN_UNUSED_FUNCTION = YES;
				GCC_WARN_UNUSED_VARIABLE = YES;
				IPHONEOS_DEPLOYMENT_TARGET = 10.2;
				MTL_ENABLE_DEBUG_INFO = NO;
				SDKROOT = iphoneos;
				TARGETED_DEVICE_FAMILY = "1,2";
				VALIDATE_PRODUCT = YES;
			};
			name = Release;
		};
		7A24715E1E1942BA00C99780 /* Debug */ = {
			isa = XCBuildConfiguration;
			buildSettings = {
				ASSETCATALOG_COMPILER_APPICON_NAME = AppIcon;
				CODE_SIGN_ENTITLEMENTS = SimpleSaver/SimpleSaver.entitlements;
				DEVELOPMENT_TEAM = 2L29NL2BW9;
				INFOPLIST_FILE = SimpleSaver/Info.plist;
				LD_RUNPATH_SEARCH_PATHS = "$(inherited) @executable_path/Frameworks";
				PRODUCT_BUNDLE_IDENTIFIER = com.jakehoskins.SimpleSaver;
				PRODUCT_NAME = "$(TARGET_NAME)";
			};
			name = Debug;
		};
		7A24715F1E1942BA00C99780 /* Release */ = {
			isa = XCBuildConfiguration;
			buildSettings = {
				ASSETCATALOG_COMPILER_APPICON_NAME = AppIcon;
				CODE_SIGN_ENTITLEMENTS = SimpleSaver/SimpleSaver.entitlements;
				DEVELOPMENT_TEAM = 2L29NL2BW9;
				INFOPLIST_FILE = SimpleSaver/Info.plist;
				LD_RUNPATH_SEARCH_PATHS = "$(inherited) @executable_path/Frameworks";
				PRODUCT_BUNDLE_IDENTIFIER = com.jakehoskins.SimpleSaver;
				PRODUCT_NAME = "$(TARGET_NAME)";
			};
			name = Release;
		};
		7A2471611E1942BA00C99780 /* Debug */ = {
			isa = XCBuildConfiguration;
			buildSettings = {
				BUNDLE_LOADER = "$(TEST_HOST)";
				DEVELOPMENT_TEAM = 2L29NL2BW9;
				INFOPLIST_FILE = SimpleSaverTests/Info.plist;
				LD_RUNPATH_SEARCH_PATHS = "$(inherited) @executable_path/Frameworks @loader_path/Frameworks";
				PRODUCT_BUNDLE_IDENTIFIER = com.jakehoskins.SimpleSaverTests;
				PRODUCT_NAME = "$(TARGET_NAME)";
				TEST_HOST = "$(BUILT_PRODUCTS_DIR)/SimpleSaver.app/SimpleSaver";
			};
			name = Debug;
		};
		7A2471621E1942BA00C99780 /* Release */ = {
			isa = XCBuildConfiguration;
			buildSettings = {
				BUNDLE_LOADER = "$(TEST_HOST)";
				DEVELOPMENT_TEAM = 2L29NL2BW9;
				INFOPLIST_FILE = SimpleSaverTests/Info.plist;
				LD_RUNPATH_SEARCH_PATHS = "$(inherited) @executable_path/Frameworks @loader_path/Frameworks";
				PRODUCT_BUNDLE_IDENTIFIER = com.jakehoskins.SimpleSaverTests;
				PRODUCT_NAME = "$(TARGET_NAME)";
				TEST_HOST = "$(BUILT_PRODUCTS_DIR)/SimpleSaver.app/SimpleSaver";
			};
			name = Release;
		};
/* End XCBuildConfiguration section */

/* Begin XCConfigurationList section */
		7A2471361E1942BA00C99780 /* Build configuration list for PBXProject "SimpleSaver" */ = {
			isa = XCConfigurationList;
			buildConfigurations = (
				7A24715B1E1942BA00C99780 /* Debug */,
				7A24715C1E1942BA00C99780 /* Release */,
			);
			defaultConfigurationIsVisible = 0;
			defaultConfigurationName = Release;
		};
		7A24715D1E1942BA00C99780 /* Build configuration list for PBXNativeTarget "SimpleSaver" */ = {
			isa = XCConfigurationList;
			buildConfigurations = (
				7A24715E1E1942BA00C99780 /* Debug */,
				7A24715F1E1942BA00C99780 /* Release */,
			);
			defaultConfigurationIsVisible = 0;
			defaultConfigurationName = Release;
		};
		7A2471601E1942BA00C99780 /* Build configuration list for PBXNativeTarget "SimpleSaverTests" */ = {
			isa = XCConfigurationList;
			buildConfigurations = (
				7A2471611E1942BA00C99780 /* Debug */,
				7A2471621E1942BA00C99780 /* Release */,
			);
			defaultConfigurationIsVisible = 0;
			defaultConfigurationName = Release;
		};
/* End XCConfigurationList section */
	};
	rootObject = 7A2471331E1942BA00C99780 /* Project object */;
}
